
Microsoft Visual Studio Solution File, Format Version 12.00
# Visual Studio Version 17
VisualStudioVersion = 17.9.34321.82
MinimumVisualStudioVersion = 10.0.40219.1
Project("{2150E333-8FDC-42A3-9474-1A3956D46DE8}") = "Services", "Services", "{3E207D22-E4A5-4B87-8F7E-819092C66176}"
EndProject
Project("{2150E333-8FDC-42A3-9474-1A3956D46DE8}") = "Web", "Web", "{15E899EA-60F4-4018-BB89-08069F74A525}"
EndProject
Project("{2150E333-8FDC-42A3-9474-1A3956D46DE8}") = "Bff", "Bff", "{08B0DDE2-E9CF-40FA-861A-B271DE2E6573}"
EndProject
Project("{9A19103F-16F7-4668-BE54-9A1E7A4F7556}") = "SmartSchool.Web", "SmartSchool.Web\SmartSchool.Web.csproj", "{BCFDABAA-E45A-4FEC-8691-B92113187DF4}"
EndProject
Project("{FAE04EC0-301F-11D3-BF4B-00C04F79EFBC}") = "SmartSchool.AppHost", "SmartSchool.AppHost\SmartSchool.AppHost.csproj", "{A3743BB4-97BD-4AF9-A1F0-BAF8F2A14665}"
EndProject
Project("{9A19103F-16F7-4668-BE54-9A1E7A4F7556}") = "SmartSchool.ServiceDefaults", "SmartSchool.ServiceDefaults\SmartSchool.ServiceDefaults.csproj", "{B0577196-A8F6-4971-A42C-A311F1AD896E}"
EndProject
Global
	GlobalSection(SolutionConfigurationPlatforms) = preSolution
		Debug|Any CPU = Debug|Any CPU
		Release|Any CPU = Release|Any CPU
	EndGlobalSection
	GlobalSection(ProjectConfigurationPlatforms) = postSolution
		{BCFDABAA-E45A-4FEC-8691-B92113187DF4}.Debug|Any CPU.ActiveCfg = Debug|Any CPU
		{BCFDABAA-E45A-4FEC-8691-B92113187DF4}.Debug|Any CPU.Build.0 = Debug|Any CPU
		{BCFDABAA-E45A-4FEC-8691-B92113187DF4}.Release|Any CPU.ActiveCfg = Release|Any CPU
		{BCFDABAA-E45A-4FEC-8691-B92113187DF4}.Release|Any CPU.Build.0 = Release|Any CPU
		{A3743BB4-97BD-4AF9-A1F0-BAF8F2A14665}.Debug|Any CPU.ActiveCfg = Debug|Any CPU
		{A3743BB4-97BD-4AF9-A1F0-BAF8F2A14665}.Debug|Any CPU.Build.0 = Debug|Any CPU
		{A3743BB4-97BD-4AF9-A1F0-BAF8F2A14665}.Release|Any CPU.ActiveCfg = Release|Any CPU
		{A3743BB4-97BD-4AF9-A1F0-BAF8F2A14665}.Release|Any CPU.Build.0 = Release|Any CPU
		{B0577196-A8F6-4971-A42C-A311F1AD896E}.Debug|Any CPU.ActiveCfg = Debug|Any CPU
		{B0577196-A8F6-4971-A42C-A311F1AD896E}.Debug|Any CPU.Build.0 = Debug|Any CPU
		{B0577196-A8F6-4971-A42C-A311F1AD896E}.Release|Any CPU.ActiveCfg = Release|Any CPU
		{B0577196-A8F6-4971-A42C-A311F1AD896E}.Release|Any CPU.Build.0 = Release|Any CPU
	EndGlobalSection
	GlobalSection(SolutionProperties) = preSolution
		HideSolutionNode = FALSE
	EndGlobalSection
	GlobalSection(NestedProjects) = preSolution
		{BCFDABAA-E45A-4FEC-8691-B92113187DF4} = {15E899EA-60F4-4018-BB89-08069F74A525}
	EndGlobalSection
	GlobalSection(ExtensibilityGlobals) = postSolution
		SolutionGuid = {672CD7F7-A303-4718-97E3-60783F19A379}
	EndGlobalSection
EndGlobal
